
Microsoft Visual Studio Solution File, Format Version 12.00
# Visual Studio 14
VisualStudioVersion = 14.0.25420.1
MinimumVisualStudioVersion = 10.0.40219.1
Project("{FAE04EC0-301F-11D3-BF4B-00C04F79EFBC}") = "NascarTelnetServer", "NascarTelnetServer\NascarTelnetServer.csproj", "{7BCC7158-80E7-4CCA-80FE-470C983DF924}"
EndProject
Project("{FAE04EC0-301F-11D3-BF4B-00C04F79EFBC}") = "NascarTelnetClient", "NascarTelnetClient\NascarTelnetClient.csproj", "{7691D9B6-4170-47AB-B900-CF01363A37D3}"
EndProject
Project("{FAE04EC0-301F-11D3-BF4B-00C04F79EFBC}") = "CarDataService", "CarDataService\CarDataService\CarDataService.csproj", "{2EC8DBD8-9923-4BA2-B33E-F0D97A6DB2D7}"
EndProject
Project("{FAE04EC0-301F-11D3-BF4B-00C04F79EFBC}") = "FileReformatter", "FileReformatter\FileReformatter.csproj", "{8F3E3292-54F3-4135-918E-93514BCFD154}"
EndProject
Project("{FAE04EC0-301F-11D3-BF4B-00C04F79EFBC}") = "Nascar.EventProcessorHost", "Nascar.EventProcessorHost\Nascar.EventProcessorHost.csproj", "{4E7AE697-54D8-4F02-84DB-66296B2C4083}"
EndProject
Project("{FAE04EC0-301F-11D3-BF4B-00C04F79EFBC}") = "PowerBiRealTime", "PowerBiRealTime\PowerBiRealTime.csproj", "{1C0686C1-3D62-4802-A1F2-0F0BA3D30418}"
EndProject
Project("{FAE04EC0-301F-11D3-BF4B-00C04F79EFBC}") = "PowerBiApiShim", "PowerBiApiShim\PowerBiApiShim.csproj", "{445443AE-6B22-4905-8DD1-D42C21DF5249}"
EndProject
Project("{FAE04EC0-301F-11D3-BF4B-00C04F79EFBC}") = "Nascar.Sv.Dash", "Nascar.Sv.Dash\Nascar.Sv.Dash.csproj", "{86126B7A-F088-4209-B923-47F7043B4B10}"
EndProject
Project("{FAE04EC0-301F-11D3-BF4B-00C04F79EFBC}") = "Nascar.Sv.UniversalLive", "Nascar.Sv.UniversalLive\Nascar.Sv.UniversalLive.csproj", "{7CB8EC83-915C-4C44-9EBD-C603FD4EF5DC}"
EndProject
Project("{182E2583-ECAD-465B-BB50-91101D7C24CE}") = "RaceDataAdl", "RaceDataAdl\RaceDataAdl.usqlproj", "{7D2729A2-B367-46B0-B787-AE2F73BC7CFC}"
EndProject
Project("{FAE04EC0-301F-11D3-BF4B-00C04F79EFBC}") = "SqlController", "SqlController\SqlController.csproj", "{1247CCF8-EADF-4EE2-AAEC-15850A389427}"
EndProject
Global
	GlobalSection(SolutionConfigurationPlatforms) = preSolution
		Debug|Any CPU = Debug|Any CPU
		Debug|ARM = Debug|ARM
		Debug|x64 = Debug|x64
		Debug|x86 = Debug|x86
		Release|Any CPU = Release|Any CPU
		Release|ARM = Release|ARM
		Release|x64 = Release|x64
		Release|x86 = Release|x86
	EndGlobalSection
	GlobalSection(ProjectConfigurationPlatforms) = postSolution
		{7BCC7158-80E7-4CCA-80FE-470C983DF924}.Debug|Any CPU.ActiveCfg = Debug|Any CPU
		{7BCC7158-80E7-4CCA-80FE-470C983DF924}.Debug|Any CPU.Build.0 = Debug|Any CPU
		{7BCC7158-80E7-4CCA-80FE-470C983DF924}.Debug|ARM.ActiveCfg = Debug|Any CPU
		{7BCC7158-80E7-4CCA-80FE-470C983DF924}.Debug|ARM.Build.0 = Debug|Any CPU
		{7BCC7158-80E7-4CCA-80FE-470C983DF924}.Debug|x64.ActiveCfg = Debug|x64
		{7BCC7158-80E7-4CCA-80FE-470C983DF924}.Debug|x64.Build.0 = Debug|x64
		{7BCC7158-80E7-4CCA-80FE-470C983DF924}.Debug|x86.ActiveCfg = Debug|Any CPU
		{7BCC7158-80E7-4CCA-80FE-470C983DF924}.Debug|x86.Build.0 = Debug|Any CPU
		{7BCC7158-80E7-4CCA-80FE-470C983DF924}.Release|Any CPU.ActiveCfg = Release|Any CPU
		{7BCC7158-80E7-4CCA-80FE-470C983DF924}.Release|Any CPU.Build.0 = Release|Any CPU
		{7BCC7158-80E7-4CCA-80FE-470C983DF924}.Release|ARM.ActiveCfg = Release|Any CPU
		{7BCC7158-80E7-4CCA-80FE-470C983DF924}.Release|ARM.Build.0 = Release|Any CPU
		{7BCC7158-80E7-4CCA-80FE-470C983DF924}.Release|x64.ActiveCfg = Release|x64
		{7BCC7158-80E7-4CCA-80FE-470C983DF924}.Release|x64.Build.0 = Release|x64
		{7BCC7158-80E7-4CCA-80FE-470C983DF924}.Release|x86.ActiveCfg = Release|Any CPU
		{7BCC7158-80E7-4CCA-80FE-470C983DF924}.Release|x86.Build.0 = Release|Any CPU
		{7691D9B6-4170-47AB-B900-CF01363A37D3}.Debug|Any CPU.ActiveCfg = Debug|Any CPU
		{7691D9B6-4170-47AB-B900-CF01363A37D3}.Debug|Any CPU.Build.0 = Debug|Any CPU
		{7691D9B6-4170-47AB-B900-CF01363A37D3}.Debug|ARM.ActiveCfg = Debug|Any CPU
		{7691D9B6-4170-47AB-B900-CF01363A37D3}.Debug|ARM.Build.0 = Debug|Any CPU
		{7691D9B6-4170-47AB-B900-CF01363A37D3}.Debug|x64.ActiveCfg = Debug|x64
		{7691D9B6-4170-47AB-B900-CF01363A37D3}.Debug|x64.Build.0 = Debug|x64
		{7691D9B6-4170-47AB-B900-CF01363A37D3}.Debug|x86.ActiveCfg = Debug|Any CPU
		{7691D9B6-4170-47AB-B900-CF01363A37D3}.Debug|x86.Build.0 = Debug|Any CPU
		{7691D9B6-4170-47AB-B900-CF01363A37D3}.Release|Any CPU.ActiveCfg = Release|Any CPU
		{7691D9B6-4170-47AB-B900-CF01363A37D3}.Release|Any CPU.Build.0 = Release|Any CPU
		{7691D9B6-4170-47AB-B900-CF01363A37D3}.Release|ARM.ActiveCfg = Release|Any CPU
		{7691D9B6-4170-47AB-B900-CF01363A37D3}.Release|ARM.Build.0 = Release|Any CPU
		{7691D9B6-4170-47AB-B900-CF01363A37D3}.Release|x64.ActiveCfg = Release|x64
		{7691D9B6-4170-47AB-B900-CF01363A37D3}.Release|x64.Build.0 = Release|x64
		{7691D9B6-4170-47AB-B900-CF01363A37D3}.Release|x86.ActiveCfg = Release|Any CPU
		{7691D9B6-4170-47AB-B900-CF01363A37D3}.Release|x86.Build.0 = Release|Any CPU
		{2EC8DBD8-9923-4BA2-B33E-F0D97A6DB2D7}.Debug|Any CPU.ActiveCfg = Debug|Any CPU
		{2EC8DBD8-9923-4BA2-B33E-F0D97A6DB2D7}.Debug|Any CPU.Build.0 = Debug|Any CPU
		{2EC8DBD8-9923-4BA2-B33E-F0D97A6DB2D7}.Debug|ARM.ActiveCfg = Debug|Any CPU
		{2EC8DBD8-9923-4BA2-B33E-F0D97A6DB2D7}.Debug|ARM.Build.0 = Debug|Any CPU
		{2EC8DBD8-9923-4BA2-B33E-F0D97A6DB2D7}.Debug|x64.ActiveCfg = Debug|x64
		{2EC8DBD8-9923-4BA2-B33E-F0D97A6DB2D7}.Debug|x64.Build.0 = Debug|x64
		{2EC8DBD8-9923-4BA2-B33E-F0D97A6DB2D7}.Debug|x86.ActiveCfg = Debug|Any CPU
		{2EC8DBD8-9923-4BA2-B33E-F0D97A6DB2D7}.Debug|x86.Build.0 = Debug|Any CPU
		{2EC8DBD8-9923-4BA2-B33E-F0D97A6DB2D7}.Release|Any CPU.ActiveCfg = Release|Any CPU
		{2EC8DBD8-9923-4BA2-B33E-F0D97A6DB2D7}.Release|Any CPU.Build.0 = Release|Any CPU
		{2EC8DBD8-9923-4BA2-B33E-F0D97A6DB2D7}.Release|ARM.ActiveCfg = Release|Any CPU
		{2EC8DBD8-9923-4BA2-B33E-F0D97A6DB2D7}.Release|ARM.Build.0 = Release|Any CPU
		{2EC8DBD8-9923-4BA2-B33E-F0D97A6DB2D7}.Release|x64.ActiveCfg = Release|x64
		{2EC8DBD8-9923-4BA2-B33E-F0D97A6DB2D7}.Release|x64.Build.0 = Release|x64
		{2EC8DBD8-9923-4BA2-B33E-F0D97A6DB2D7}.Release|x86.ActiveCfg = Release|Any CPU
		{2EC8DBD8-9923-4BA2-B33E-F0D97A6DB2D7}.Release|x86.Build.0 = Release|Any CPU
		{8F3E3292-54F3-4135-918E-93514BCFD154}.Debug|Any CPU.ActiveCfg = Debug|Any CPU
		{8F3E3292-54F3-4135-918E-93514BCFD154}.Debug|Any CPU.Build.0 = Debug|Any CPU
		{8F3E3292-54F3-4135-918E-93514BCFD154}.Debug|ARM.ActiveCfg = Debug|Any CPU
		{8F3E3292-54F3-4135-918E-93514BCFD154}.Debug|ARM.Build.0 = Debug|Any CPU
		{8F3E3292-54F3-4135-918E-93514BCFD154}.Debug|x64.ActiveCfg = Debug|x64
		{8F3E3292-54F3-4135-918E-93514BCFD154}.Debug|x64.Build.0 = Debug|x64
		{8F3E3292-54F3-4135-918E-93514BCFD154}.Debug|x86.ActiveCfg = Debug|Any CPU
		{8F3E3292-54F3-4135-918E-93514BCFD154}.Debug|x86.Build.0 = Debug|Any CPU
		{8F3E3292-54F3-4135-918E-93514BCFD154}.Release|Any CPU.ActiveCfg = Release|Any CPU
		{8F3E3292-54F3-4135-918E-93514BCFD154}.Release|Any CPU.Build.0 = Release|Any CPU
		{8F3E3292-54F3-4135-918E-93514BCFD154}.Release|ARM.ActiveCfg = Release|Any CPU
		{8F3E3292-54F3-4135-918E-93514BCFD154}.Release|ARM.Build.0 = Release|Any CPU
		{8F3E3292-54F3-4135-918E-93514BCFD154}.Release|x64.ActiveCfg = Release|x64
		{8F3E3292-54F3-4135-918E-93514BCFD154}.Release|x64.Build.0 = Release|x64
		{8F3E3292-54F3-4135-918E-93514BCFD154}.Release|x86.ActiveCfg = Release|Any CPU
		{8F3E3292-54F3-4135-918E-93514BCFD154}.Release|x86.Build.0 = Release|Any CPU
		{4E7AE697-54D8-4F02-84DB-66296B2C4083}.Debug|Any CPU.ActiveCfg = Debug|Any CPU
		{4E7AE697-54D8-4F02-84DB-66296B2C4083}.Debug|Any CPU.Build.0 = Debug|Any CPU
		{4E7AE697-54D8-4F02-84DB-66296B2C4083}.Debug|ARM.ActiveCfg = Debug|Any CPU
		{4E7AE697-54D8-4F02-84DB-66296B2C4083}.Debug|ARM.Build.0 = Debug|Any CPU
		{4E7AE697-54D8-4F02-84DB-66296B2C4083}.Debug|x64.ActiveCfg = Debug|Any CPU
		{4E7AE697-54D8-4F02-84DB-66296B2C4083}.Debug|x64.Build.0 = Debug|Any CPU
		{4E7AE697-54D8-4F02-84DB-66296B2C4083}.Debug|x86.ActiveCfg = Debug|Any CPU
		{4E7AE697-54D8-4F02-84DB-66296B2C4083}.Debug|x86.Build.0 = Debug|Any CPU
		{4E7AE697-54D8-4F02-84DB-66296B2C4083}.Release|Any CPU.ActiveCfg = Release|Any CPU
		{4E7AE697-54D8-4F02-84DB-66296B2C4083}.Release|Any CPU.Build.0 = Release|Any CPU
		{4E7AE697-54D8-4F02-84DB-66296B2C4083}.Release|ARM.ActiveCfg = Release|Any CPU
		{4E7AE697-54D8-4F02-84DB-66296B2C4083}.Release|ARM.Build.0 = Release|Any CPU
		{4E7AE697-54D8-4F02-84DB-66296B2C4083}.Release|x64.ActiveCfg = Release|Any CPU
		{4E7AE697-54D8-4F02-84DB-66296B2C4083}.Release|x64.Build.0 = Release|Any CPU
		{4E7AE697-54D8-4F02-84DB-66296B2C4083}.Release|x86.ActiveCfg = Release|Any CPU
		{4E7AE697-54D8-4F02-84DB-66296B2C4083}.Release|x86.Build.0 = Release|Any CPU
		{1C0686C1-3D62-4802-A1F2-0F0BA3D30418}.Debug|Any CPU.ActiveCfg = Debug|Any CPU
		{1C0686C1-3D62-4802-A1F2-0F0BA3D30418}.Debug|Any CPU.Build.0 = Debug|Any CPU
		{1C0686C1-3D62-4802-A1F2-0F0BA3D30418}.Debug|ARM.ActiveCfg = Debug|Any CPU
		{1C0686C1-3D62-4802-A1F2-0F0BA3D30418}.Debug|ARM.Build.0 = Debug|Any CPU
		{1C0686C1-3D62-4802-A1F2-0F0BA3D30418}.Debug|x64.ActiveCfg = Debug|Any CPU
		{1C0686C1-3D62-4802-A1F2-0F0BA3D30418}.Debug|x64.Build.0 = Debug|Any CPU
		{1C0686C1-3D62-4802-A1F2-0F0BA3D30418}.Debug|x86.ActiveCfg = Debug|Any CPU
		{1C0686C1-3D62-4802-A1F2-0F0BA3D30418}.Debug|x86.Build.0 = Debug|Any CPU
		{1C0686C1-3D62-4802-A1F2-0F0BA3D30418}.Release|Any CPU.ActiveCfg = Release|Any CPU
		{1C0686C1-3D62-4802-A1F2-0F0BA3D30418}.Release|Any CPU.Build.0 = Release|Any CPU
		{1C0686C1-3D62-4802-A1F2-0F0BA3D30418}.Release|ARM.ActiveCfg = Release|Any CPU
		{1C0686C1-3D62-4802-A1F2-0F0BA3D30418}.Release|ARM.Build.0 = Release|Any CPU
		{1C0686C1-3D62-4802-A1F2-0F0BA3D30418}.Release|x64.ActiveCfg = Release|Any CPU
		{1C0686C1-3D62-4802-A1F2-0F0BA3D30418}.Release|x64.Build.0 = Release|Any CPU
		{1C0686C1-3D62-4802-A1F2-0F0BA3D30418}.Release|x86.ActiveCfg = Release|Any CPU
		{1C0686C1-3D62-4802-A1F2-0F0BA3D30418}.Release|x86.Build.0 = Release|Any CPU
		{445443AE-6B22-4905-8DD1-D42C21DF5249}.Debug|Any CPU.ActiveCfg = Debug|Any CPU
		{445443AE-6B22-4905-8DD1-D42C21DF5249}.Debug|Any CPU.Build.0 = Debug|Any CPU
		{445443AE-6B22-4905-8DD1-D42C21DF5249}.Debug|ARM.ActiveCfg = Debug|Any CPU
		{445443AE-6B22-4905-8DD1-D42C21DF5249}.Debug|ARM.Build.0 = Debug|Any CPU
		{445443AE-6B22-4905-8DD1-D42C21DF5249}.Debug|x64.ActiveCfg = Debug|Any CPU
		{445443AE-6B22-4905-8DD1-D42C21DF5249}.Debug|x64.Build.0 = Debug|Any CPU
		{445443AE-6B22-4905-8DD1-D42C21DF5249}.Debug|x86.ActiveCfg = Debug|Any CPU
		{445443AE-6B22-4905-8DD1-D42C21DF5249}.Debug|x86.Build.0 = Debug|Any CPU
		{445443AE-6B22-4905-8DD1-D42C21DF5249}.Release|Any CPU.ActiveCfg = Release|Any CPU
		{445443AE-6B22-4905-8DD1-D42C21DF5249}.Release|Any CPU.Build.0 = Release|Any CPU
		{445443AE-6B22-4905-8DD1-D42C21DF5249}.Release|ARM.ActiveCfg = Release|Any CPU
		{445443AE-6B22-4905-8DD1-D42C21DF5249}.Release|ARM.Build.0 = Release|Any CPU
		{445443AE-6B22-4905-8DD1-D42C21DF5249}.Release|x64.ActiveCfg = Release|Any CPU
		{445443AE-6B22-4905-8DD1-D42C21DF5249}.Release|x64.Build.0 = Release|Any CPU
		{445443AE-6B22-4905-8DD1-D42C21DF5249}.Release|x86.ActiveCfg = Release|Any CPU
		{445443AE-6B22-4905-8DD1-D42C21DF5249}.Release|x86.Build.0 = Release|Any CPU
		{86126B7A-F088-4209-B923-47F7043B4B10}.Debug|Any CPU.ActiveCfg = Debug|x86
		{86126B7A-F088-4209-B923-47F7043B4B10}.Debug|ARM.ActiveCfg = Debug|ARM
		{86126B7A-F088-4209-B923-47F7043B4B10}.Debug|ARM.Build.0 = Debug|ARM
		{86126B7A-F088-4209-B923-47F7043B4B10}.Debug|ARM.Deploy.0 = Debug|ARM
		{86126B7A-F088-4209-B923-47F7043B4B10}.Debug|x64.ActiveCfg = Debug|x64
		{86126B7A-F088-4209-B923-47F7043B4B10}.Debug|x64.Build.0 = Debug|x64
		{86126B7A-F088-4209-B923-47F7043B4B10}.Debug|x64.Deploy.0 = Debug|x64
		{86126B7A-F088-4209-B923-47F7043B4B10}.Debug|x86.ActiveCfg = Debug|x86
		{86126B7A-F088-4209-B923-47F7043B4B10}.Debug|x86.Build.0 = Debug|x86
		{86126B7A-F088-4209-B923-47F7043B4B10}.Debug|x86.Deploy.0 = Debug|x86
		{86126B7A-F088-4209-B923-47F7043B4B10}.Release|Any CPU.ActiveCfg = Release|x86
		{86126B7A-F088-4209-B923-47F7043B4B10}.Release|ARM.ActiveCfg = Release|ARM
		{86126B7A-F088-4209-B923-47F7043B4B10}.Release|ARM.Build.0 = Release|ARM
		{86126B7A-F088-4209-B923-47F7043B4B10}.Release|ARM.Deploy.0 = Release|ARM
		{86126B7A-F088-4209-B923-47F7043B4B10}.Release|x64.ActiveCfg = Release|x64
		{86126B7A-F088-4209-B923-47F7043B4B10}.Release|x64.Build.0 = Release|x64
		{86126B7A-F088-4209-B923-47F7043B4B10}.Release|x64.Deploy.0 = Release|x64
		{86126B7A-F088-4209-B923-47F7043B4B10}.Release|x86.ActiveCfg = Release|x86
		{86126B7A-F088-4209-B923-47F7043B4B10}.Release|x86.Build.0 = Release|x86
		{86126B7A-F088-4209-B923-47F7043B4B10}.Release|x86.Deploy.0 = Release|x86
		{7CB8EC83-915C-4C44-9EBD-C603FD4EF5DC}.Debug|Any CPU.ActiveCfg = Debug|x86
		{7CB8EC83-915C-4C44-9EBD-C603FD4EF5DC}.Debug|ARM.ActiveCfg = Debug|ARM
		{7CB8EC83-915C-4C44-9EBD-C603FD4EF5DC}.Debug|ARM.Build.0 = Debug|ARM
		{7CB8EC83-915C-4C44-9EBD-C603FD4EF5DC}.Debug|ARM.Deploy.0 = Debug|ARM
		{7CB8EC83-915C-4C44-9EBD-C603FD4EF5DC}.Debug|x64.ActiveCfg = Debug|x64
		{7CB8EC83-915C-4C44-9EBD-C603FD4EF5DC}.Debug|x64.Build.0 = Debug|x64
		{7CB8EC83-915C-4C44-9EBD-C603FD4EF5DC}.Debug|x64.Deploy.0 = Debug|x64
		{7CB8EC83-915C-4C44-9EBD-C603FD4EF5DC}.Debug|x86.ActiveCfg = Debug|x86
		{7CB8EC83-915C-4C44-9EBD-C603FD4EF5DC}.Debug|x86.Build.0 = Debug|x86
		{7CB8EC83-915C-4C44-9EBD-C603FD4EF5DC}.Debug|x86.Deploy.0 = Debug|x86
		{7CB8EC83-915C-4C44-9EBD-C603FD4EF5DC}.Release|Any CPU.ActiveCfg = Release|x86
		{7CB8EC83-915C-4C44-9EBD-C603FD4EF5DC}.Release|ARM.ActiveCfg = Release|ARM
		{7CB8EC83-915C-4C44-9EBD-C603FD4EF5DC}.Release|ARM.Build.0 = Release|ARM
		{7CB8EC83-915C-4C44-9EBD-C603FD4EF5DC}.Release|ARM.Deploy.0 = Release|ARM
		{7CB8EC83-915C-4C44-9EBD-C603FD4EF5DC}.Release|x64.ActiveCfg = Release|x64
		{7CB8EC83-915C-4C44-9EBD-C603FD4EF5DC}.Release|x64.Build.0 = Release|x64
		{7CB8EC83-915C-4C44-9EBD-C603FD4EF5DC}.Release|x64.Deploy.0 = Release|x64
		{7CB8EC83-915C-4C44-9EBD-C603FD4EF5DC}.Release|x86.ActiveCfg = Release|x86
		{7CB8EC83-915C-4C44-9EBD-C603FD4EF5DC}.Release|x86.Build.0 = Release|x86
		{7CB8EC83-915C-4C44-9EBD-C603FD4EF5DC}.Release|x86.Deploy.0 = Release|x86
		{7D2729A2-B367-46B0-B787-AE2F73BC7CFC}.Debug|Any CPU.ActiveCfg = Debug|Any CPU
		{7D2729A2-B367-46B0-B787-AE2F73BC7CFC}.Debug|Any CPU.Build.0 = Debug|Any CPU
		{7D2729A2-B367-46B0-B787-AE2F73BC7CFC}.Debug|ARM.ActiveCfg = Debug|Any CPU
		{7D2729A2-B367-46B0-B787-AE2F73BC7CFC}.Debug|ARM.Build.0 = Debug|Any CPU
		{7D2729A2-B367-46B0-B787-AE2F73BC7CFC}.Debug|x64.ActiveCfg = Debug|x64
		{7D2729A2-B367-46B0-B787-AE2F73BC7CFC}.Debug|x64.Build.0 = Debug|x64
		{7D2729A2-B367-46B0-B787-AE2F73BC7CFC}.Debug|x86.ActiveCfg = Debug|x86
		{7D2729A2-B367-46B0-B787-AE2F73BC7CFC}.Debug|x86.Build.0 = Debug|x86
		{7D2729A2-B367-46B0-B787-AE2F73BC7CFC}.Release|Any CPU.ActiveCfg = Release|Any CPU
		{7D2729A2-B367-46B0-B787-AE2F73BC7CFC}.Release|Any CPU.Build.0 = Release|Any CPU
		{7D2729A2-B367-46B0-B787-AE2F73BC7CFC}.Release|ARM.ActiveCfg = Release|Any CPU
		{7D2729A2-B367-46B0-B787-AE2F73BC7CFC}.Release|ARM.Build.0 = Release|Any CPU
		{7D2729A2-B367-46B0-B787-AE2F73BC7CFC}.Release|x64.ActiveCfg = Release|x64
		{7D2729A2-B367-46B0-B787-AE2F73BC7CFC}.Release|x64.Build.0 = Release|x64
		{7D2729A2-B367-46B0-B787-AE2F73BC7CFC}.Release|x86.ActiveCfg = Release|x86
		{7D2729A2-B367-46B0-B787-AE2F73BC7CFC}.Release|x86.Build.0 = Release|x86
		{1247CCF8-EADF-4EE2-AAEC-15850A389427}.Debug|Any CPU.ActiveCfg = Debug|Any CPU
		{1247CCF8-EADF-4EE2-AAEC-15850A389427}.Debug|Any CPU.Build.0 = Debug|Any CPU
		{1247CCF8-EADF-4EE2-AAEC-15850A389427}.Debug|ARM.ActiveCfg = Debug|Any CPU
		{1247CCF8-EADF-4EE2-AAEC-15850A389427}.Debug|ARM.Build.0 = Debug|Any CPU
		{1247CCF8-EADF-4EE2-AAEC-15850A389427}.Debug|x64.ActiveCfg = Debug|Any CPU
		{1247CCF8-EADF-4EE2-AAEC-15850A389427}.Debug|x64.Build.0 = Debug|Any CPU
		{1247CCF8-EADF-4EE2-AAEC-15850A389427}.Debug|x86.ActiveCfg = Debug|Any CPU
		{1247CCF8-EADF-4EE2-AAEC-15850A389427}.Debug|x86.Build.0 = Debug|Any CPU
		{1247CCF8-EADF-4EE2-AAEC-15850A389427}.Release|Any CPU.ActiveCfg = Release|Any CPU
		{1247CCF8-EADF-4EE2-AAEC-15850A389427}.Release|Any CPU.Build.0 = Release|Any CPU
		{1247CCF8-EADF-4EE2-AAEC-15850A389427}.Release|ARM.ActiveCfg = Release|Any CPU
		{1247CCF8-EADF-4EE2-AAEC-15850A389427}.Release|ARM.Build.0 = Release|Any CPU
		{1247CCF8-EADF-4EE2-AAEC-15850A389427}.Release|x64.ActiveCfg = Release|Any CPU
		{1247CCF8-EADF-4EE2-AAEC-15850A389427}.Release|x64.Build.0 = Release|Any CPU
		{1247CCF8-EADF-4EE2-AAEC-15850A389427}.Release|x86.ActiveCfg = Release|Any CPU
		{1247CCF8-EADF-4EE2-AAEC-15850A389427}.Release|x86.Build.0 = Release|Any CPU
	EndGlobalSection
	GlobalSection(SolutionProperties) = preSolution
		HideSolutionNode = FALSE
	EndGlobalSection
	GlobalSection(TeamFoundationVersionControl) = preSolution
		SccNumberOfProjects = 12
		SccEnterpriseProvider = {4CA58AB2-18FA-4F8D-95D4-32DDF27D184C}
		SccTeamFoundationServer = https://jpda.visualstudio.com/defaultcollection
		SccLocalPath0 = .
		SccProjectUniqueName1 = NascarTelnetClient\\NascarTelnetClient.csproj
		SccProjectName1 = NascarTelnetClient
		SccLocalPath1 = NascarTelnetClient
		SccProjectUniqueName2 = NascarTelnetServer\\NascarTelnetServer.csproj
		SccProjectName2 = NascarTelnetServer
		SccLocalPath2 = NascarTelnetServer
		SccProjectUniqueName3 = CarDataService\\CarDataService\\CarDataService.csproj
		SccProjectName3 = CarDataService/CarDataService
		SccLocalPath3 = CarDataService\\CarDataService
		SccProjectUniqueName4 = FileReformatter\\FileReformatter.csproj
		SccProjectName4 = FileReformatter
		SccLocalPath4 = FileReformatter
		SccProjectUniqueName5 = Nascar.EventProcessorHost\\Nascar.EventProcessorHost.csproj
		SccProjectName5 = Nascar.EventProcessorHost
		SccLocalPath5 = Nascar.EventProcessorHost
		SccProjectUniqueName6 = PowerBiRealTime\\PowerBiRealTime.csproj
		SccProjectName6 = PowerBiRealTime
		SccLocalPath6 = PowerBiRealTime
		SccProjectUniqueName7 = PowerBiApiShim\\PowerBiApiShim.csproj
		SccProjectName7 = PowerBiApiShim
		SccLocalPath7 = PowerBiApiShim
		SccProjectUniqueName8 = Nascar.Sv.Dash\\Nascar.Sv.Dash.csproj
		SccProjectName8 = Nascar.Sv.Dash
		SccLocalPath8 = Nascar.Sv.Dash
		SccProjectUniqueName9 = Nascar.Sv.UniversalLive\\Nascar.Sv.UniversalLive.csproj
		SccProjectName9 = Nascar.Sv.UniversalLive
		SccLocalPath9 = Nascar.Sv.UniversalLive
		SccProjectUniqueName10 = RaceDataAdl\\RaceDataAdl.usqlproj
		SccProjectName10 = RaceDataAdl
		SccLocalPath10 = RaceDataAdl
		SccProjectUniqueName11 = SqlController\\SqlController.csproj
		SccProjectName11 = SqlController
		SccLocalPath11 = SqlController
	EndGlobalSection
EndGlobal
