
Microsoft Visual Studio Solution File, Format Version 12.00
# Visual Studio 14
VisualStudioVersion = 14.0.25420.1
MinimumVisualStudioVersion = 10.0.40219.1
Project("{2150E333-8FDC-42A3-9474-1A3956D46DE8}") = "src", "src", "{B9F02ABC-F0C8-401C-BA30-99CDC3070B6D}"
EndProject
Project("{2150E333-8FDC-42A3-9474-1A3956D46DE8}") = "Solution Items", "Solution Items", "{FEC5AF7A-8DB8-40AC-A627-214E1D14530E}"
	ProjectSection(SolutionItems) = preProject
		global.json = global.json
	EndProjectSection
EndProject
Project("{8BB2217D-0F2D-49D1-97BC-3654ED321F3B}") = "GPSWebServices", "src\GPSWebServices\GPSWebServices.xproj", "{5EDC1845-8CE6-4111-93D9-B6412E816F32}"
EndProject
Global
	GlobalSection(SolutionConfigurationPlatforms) = preSolution
		Debug|Any CPU = Debug|Any CPU
		Release|Any CPU = Release|Any CPU
	EndGlobalSection
	GlobalSection(ProjectConfigurationPlatforms) = postSolution
		{5EDC1845-8CE6-4111-93D9-B6412E816F32}.Debug|Any CPU.ActiveCfg = Debug|Any CPU
		{5EDC1845-8CE6-4111-93D9-B6412E816F32}.Debug|Any CPU.Build.0 = Debug|Any CPU
		{5EDC1845-8CE6-4111-93D9-B6412E816F32}.Release|Any CPU.ActiveCfg = Release|Any CPU
		{5EDC1845-8CE6-4111-93D9-B6412E816F32}.Release|Any CPU.Build.0 = Release|Any CPU
	EndGlobalSection
	GlobalSection(SolutionProperties) = preSolution
		HideSolutionNode = FALSE
	EndGlobalSection
	GlobalSection(NestedProjects) = preSolution
		{5EDC1845-8CE6-4111-93D9-B6412E816F32} = {B9F02ABC-F0C8-401C-BA30-99CDC3070B6D}
	EndGlobalSection
	GlobalSection(TeamFoundationVersionControl) = preSolution
		SccNumberOfProjects = 2
		SccEnterpriseProvider = {4CA58AB2-18FA-4F8D-95D4-32DDF27D184C}
		SccTeamFoundationServer = https://jpda.visualstudio.com/
		SccLocalPath0 = .
		SccProjectUniqueName1 = src\\GPSWebServices\\GPSWebServices.xproj
		SccProjectTopLevelParentUniqueName1 = GPSWebServices.sln
		SccProjectName1 = src/GPSWebServices
		SccLocalPath1 = src\\GPSWebServices
	EndGlobalSection
EndGlobal
